
Microsoft Visual Studio Solution File, Format Version 12.00
# Visual Studio Version 17
VisualStudioVersion = 17.9.34728.123
MinimumVisualStudioVersion = 10.0.40219.1
Project("{FAE04EC0-301F-11D3-BF4B-00C04F79EFBC}") = "Login_Signup", "Login_Signup\Login_Signup.csproj", "{1F83DB6B-DFCB-476D-A4ED-71107EEBA1EA}"
EndProject
Global
	GlobalSection(SolutionConfigurationPlatforms) = preSolution
		Debug|Any CPU = Debug|Any CPU
		Release|Any CPU = Release|Any CPU
	EndGlobalSection
	GlobalSection(ProjectConfigurationPlatforms) = postSolution
		{1F83DB6B-DFCB-476D-A4ED-71107EEBA1EA}.Debug|Any CPU.ActiveCfg = Debug|Any CPU
		{1F83DB6B-DFCB-476D-A4ED-71107EEBA1EA}.Debug|Any CPU.Build.0 = Debug|Any CPU
		{1F83DB6B-DFCB-476D-A4ED-71107EEBA1EA}.Release|Any CPU.ActiveCfg = Release|Any CPU
		{1F83DB6B-DFCB-476D-A4ED-71107EEBA1EA}.Release|Any CPU.Build.0 = Release|Any CPU
	EndGlobalSection
	GlobalSection(SolutionProperties) = preSolution
		HideSolutionNode = FALSE
	EndGlobalSection
	GlobalSection(ExtensibilityGlobals) = postSolution
		SolutionGuid = {500A32C2-19BD-4F4D-9CDB-E97E644DE8D6}
	EndGlobalSection
EndGlobal
