
Microsoft Visual Studio Solution File, Format Version 12.00
# Visual Studio Version 17
VisualStudioVersion = 17.9.34728.123
MinimumVisualStudioVersion = 10.0.40219.1
Project("{FAE04EC0-301F-11D3-BF4B-00C04F79EFBC}") = "01_Controller", "01_Controller\01_Controller.csproj", "{73F31D20-1361-4808-9A04-9EF13ABD1F57}"
EndProject
Global
	GlobalSection(SolutionConfigurationPlatforms) = preSolution
		Debug|Any CPU = Debug|Any CPU
		Release|Any CPU = Release|Any CPU
	EndGlobalSection
	GlobalSection(ProjectConfigurationPlatforms) = postSolution
		{73F31D20-1361-4808-9A04-9EF13ABD1F57}.Debug|Any CPU.ActiveCfg = Debug|Any CPU
		{73F31D20-1361-4808-9A04-9EF13ABD1F57}.Debug|Any CPU.Build.0 = Debug|Any CPU
		{73F31D20-1361-4808-9A04-9EF13ABD1F57}.Release|Any CPU.ActiveCfg = Release|Any CPU
		{73F31D20-1361-4808-9A04-9EF13ABD1F57}.Release|Any CPU.Build.0 = Release|Any CPU
	EndGlobalSection
	GlobalSection(SolutionProperties) = preSolution
		HideSolutionNode = FALSE
	EndGlobalSection
	GlobalSection(ExtensibilityGlobals) = postSolution
		SolutionGuid = {F494C138-0187-4997-BB5E-086A0ABE47D0}
	EndGlobalSection
EndGlobal
